{
  "version": 4,
  "terraform_version": "1.13.4",
  "serial": 71,
  "lineage": "84e37aa5-43ec-f52b-4fe5-ed18d0eef675",
  "outputs": {
    "my_lab_loadbalancer_public_ip": {
      "value": "52.174.19.136",
      "type": "string"
    }
  },
  "resources": [
    {
      "mode": "managed",
      "type": "azurerm_lb",
      "name": "lab_load_balancer",
      "provider": "provider[\"registry.terraform.io/hashicorp/azurerm\"]",
      "instances": [
        {
          "schema_version": 0,
          "attributes": {
            "edge_zone": "",
            "frontend_ip_configuration": [
              {
                "gateway_load_balancer_frontend_ip_configuration_id": "",
                "id": "/subscriptions/1b9fd53e-e444-4bf1-aa12-303d55b6c9b2/resourceGroups/lab-lb-rg/providers/Microsoft.Network/loadBalancers/lab-lb/frontendIPConfigurations/lab-lb-frontend-config",
                "inbound_nat_rules": [],
                "load_balancer_rules": [
                  "/subscriptions/1b9fd53e-e444-4bf1-aa12-303d55b6c9b2/resourceGroups/lab-lb-rg/providers/Microsoft.Network/loadBalancers/lab-lb/loadBalancingRules/http-80-rule"
                ],
                "name": "lab-lb-frontend-config",
                "outbound_rules": [],
                "private_ip_address": "",
                "private_ip_address_allocation": "Dynamic",
                "private_ip_address_version": "",
                "public_ip_address_id": "/subscriptions/1b9fd53e-e444-4bf1-aa12-303d55b6c9b2/resourceGroups/lab-lb-rg/providers/Microsoft.Network/publicIPAddresses/lab-lb-public-ip",
                "public_ip_prefix_id": "",
                "subnet_id": "",
                "zones": []
              }
            ],
            "id": "/subscriptions/1b9fd53e-e444-4bf1-aa12-303d55b6c9b2/resourceGroups/lab-lb-rg/providers/Microsoft.Network/loadBalancers/lab-lb",
            "location": "westeurope",
            "name": "lab-lb",
            "private_ip_address": "",
            "private_ip_addresses": [],
            "public_ip_address_id": null,
            "resource_group_name": "lab-lb-rg",
            "sku": "Standard",
            "sku_tier": "Regional",
            "subnet_id": null,
            "tags": {},
            "timeouts": null
          },
          "sensitive_attributes": [],
          "identity_schema_version": 0,
          "private": "eyJlMmJmYjczMC1lY2FhLTExZTYtOGY4OC0zNDM2M2JjN2M0YzAiOnsiY3JlYXRlIjoxODAwMDAwMDAwMDAwLCJkZWxldGUiOjE4MDAwMDAwMDAwMDAsInJlYWQiOjMwMDAwMDAwMDAwMCwidXBkYXRlIjoxODAwMDAwMDAwMDAwfX0=",
          "dependencies": [
            "azurerm_public_ip.lab_lb_public_ip",
            "azurerm_resource_group.load_balancer_rg"
          ]
        }
      ]
    },
    {
      "mode": "managed",
      "type": "azurerm_lb_backend_address_pool",
      "name": "bepool",
      "provider": "provider[\"registry.terraform.io/hashicorp/azurerm\"]",
      "instances": [
        {
          "schema_version": 0,
          "attributes": {
            "backend_ip_configurations": [
              "/subscriptions/1b9fd53e-e444-4bf1-aa12-303d55b6c9b2/resourceGroups/lab-lb-rg/providers/Microsoft.Network/networkInterfaces/nic-1/ipConfigurations/ipconfig",
              "/subscriptions/1b9fd53e-e444-4bf1-aa12-303d55b6c9b2/resourceGroups/lab-lb-rg/providers/Microsoft.Network/networkInterfaces/nic-2/ipConfigurations/ipconfig"
            ],
            "id": "/subscriptions/1b9fd53e-e444-4bf1-aa12-303d55b6c9b2/resourceGroups/lab-lb-rg/providers/Microsoft.Network/loadBalancers/lab-lb/backendAddressPools/be-pool",
            "inbound_nat_rules": [],
            "load_balancing_rules": [
              "/subscriptions/1b9fd53e-e444-4bf1-aa12-303d55b6c9b2/resourceGroups/lab-lb-rg/providers/Microsoft.Network/loadBalancers/lab-lb/loadBalancingRules/http-80-rule"
            ],
            "loadbalancer_id": "/subscriptions/1b9fd53e-e444-4bf1-aa12-303d55b6c9b2/resourceGroups/lab-lb-rg/providers/Microsoft.Network/loadBalancers/lab-lb",
            "name": "be-pool",
            "outbound_rules": [],
            "synchronous_mode": "",
            "timeouts": null,
            "tunnel_interface": [],
            "virtual_network_id": ""
          },
          "sensitive_attributes": [],
          "identity_schema_version": 0,
          "private": "eyJlMmJmYjczMC1lY2FhLTExZTYtOGY4OC0zNDM2M2JjN2M0YzAiOnsiY3JlYXRlIjoxODAwMDAwMDAwMDAwLCJkZWxldGUiOjE4MDAwMDAwMDAwMDAsInJlYWQiOjMwMDAwMDAwMDAwMCwidXBkYXRlIjoxODAwMDAwMDAwMDAwfX0=",
          "dependencies": [
            "azurerm_lb.lab_load_balancer",
            "azurerm_public_ip.lab_lb_public_ip",
            "azurerm_resource_group.load_balancer_rg"
          ]
        }
      ]
    },
    {
      "mode": "managed",
      "type": "azurerm_lb_probe",
      "name": "http_probe",
      "provider": "provider[\"registry.terraform.io/hashicorp/azurerm\"]",
      "instances": [
        {
          "schema_version": 0,
          "attributes": {
            "id": "/subscriptions/1b9fd53e-e444-4bf1-aa12-303d55b6c9b2/resourceGroups/lab-lb-rg/providers/Microsoft.Network/loadBalancers/lab-lb/probes/http-80",
            "interval_in_seconds": 5,
            "load_balancer_rules": [
              "/subscriptions/1b9fd53e-e444-4bf1-aa12-303d55b6c9b2/resourceGroups/lab-lb-rg/providers/Microsoft.Network/loadBalancers/lab-lb/loadBalancingRules/http-80-rule"
            ],
            "loadbalancer_id": "/subscriptions/1b9fd53e-e444-4bf1-aa12-303d55b6c9b2/resourceGroups/lab-lb-rg/providers/Microsoft.Network/loadBalancers/lab-lb",
            "name": "http-80",
            "number_of_probes": 2,
            "port": 80,
            "probe_threshold": 1,
            "protocol": "Http",
            "request_path": "/",
            "timeouts": null
          },
          "sensitive_attributes": [],
          "identity_schema_version": 0,
          "private": "eyJlMmJmYjczMC1lY2FhLTExZTYtOGY4OC0zNDM2M2JjN2M0YzAiOnsiY3JlYXRlIjoxODAwMDAwMDAwMDAwLCJkZWxldGUiOjE4MDAwMDAwMDAwMDAsInJlYWQiOjMwMDAwMDAwMDAwMCwidXBkYXRlIjoxODAwMDAwMDAwMDAwfX0=",
          "dependencies": [
            "azurerm_lb.lab_load_balancer",
            "azurerm_public_ip.lab_lb_public_ip",
            "azurerm_resource_group.load_balancer_rg"
          ]
        }
      ]
    },
    {
      "mode": "managed",
      "type": "azurerm_lb_rule",
      "name": "http_rule",
      "provider": "provider[\"registry.terraform.io/hashicorp/azurerm\"]",
      "instances": [
        {
          "schema_version": 0,
          "attributes": {
            "backend_address_pool_ids": [
              "/subscriptions/1b9fd53e-e444-4bf1-aa12-303d55b6c9b2/resourceGroups/lab-lb-rg/providers/Microsoft.Network/loadBalancers/lab-lb/backendAddressPools/be-pool"
            ],
            "backend_port": 80,
            "disable_outbound_snat": false,
            "enable_floating_ip": false,
            "enable_tcp_reset": false,
            "floating_ip_enabled": false,
            "frontend_ip_configuration_id": "/subscriptions/1b9fd53e-e444-4bf1-aa12-303d55b6c9b2/resourceGroups/lab-lb-rg/providers/Microsoft.Network/loadBalancers/lab-lb/frontendIPConfigurations/lab-lb-frontend-config",
            "frontend_ip_configuration_name": "lab-lb-frontend-config",
            "frontend_port": 80,
            "id": "/subscriptions/1b9fd53e-e444-4bf1-aa12-303d55b6c9b2/resourceGroups/lab-lb-rg/providers/Microsoft.Network/loadBalancers/lab-lb/loadBalancingRules/http-80-rule",
            "idle_timeout_in_minutes": 4,
            "load_distribution": "Default",
            "loadbalancer_id": "/subscriptions/1b9fd53e-e444-4bf1-aa12-303d55b6c9b2/resourceGroups/lab-lb-rg/providers/Microsoft.Network/loadBalancers/lab-lb",
            "name": "http-80-rule",
            "probe_id": "/subscriptions/1b9fd53e-e444-4bf1-aa12-303d55b6c9b2/resourceGroups/lab-lb-rg/providers/Microsoft.Network/loadBalancers/lab-lb/probes/http-80",
            "protocol": "Tcp",
            "tcp_reset_enabled": false,
            "timeouts": null
          },
          "sensitive_attributes": [],
          "identity_schema_version": 0,
          "private": "eyJlMmJmYjczMC1lY2FhLTExZTYtOGY4OC0zNDM2M2JjN2M0YzAiOnsiY3JlYXRlIjoxODAwMDAwMDAwMDAwLCJkZWxldGUiOjE4MDAwMDAwMDAwMDAsInJlYWQiOjMwMDAwMDAwMDAwMCwidXBkYXRlIjoxODAwMDAwMDAwMDAwfX0=",
          "dependencies": [
            "azurerm_lb.lab_load_balancer",
            "azurerm_lb_backend_address_pool.bepool",
            "azurerm_lb_probe.http_probe",
            "azurerm_public_ip.lab_lb_public_ip",
            "azurerm_resource_group.load_balancer_rg"
          ]
        }
      ]
    },
    {
      "mode": "managed",
      "type": "azurerm_linux_virtual_machine",
      "name": "vm",
      "provider": "provider[\"registry.terraform.io/hashicorp/azurerm\"]",
      "instances": [
        {
          "index_key": 0,
          "schema_version": 0,
          "attributes": {
            "additional_capabilities": [],
            "admin_password": null,
            "admin_ssh_key": [
              {
                "public_key": "ssh-rsa AAAAB3NzaC1yc2EAAAADAQABAAACAQC/YNDCJNOWub4fAfNW/3Ieh0HO4gOgQIcWwjONOLc2/+24wkjR4d7pIkvaSJUqCfUN3DiVbKe3vb8ym9PdOFqAl22IhVLI40P7TxYydC6A9RIjpntuJU0L8rjg3GVvk2m71ZJ8v6Q4vyFSbLSVxgJSwHdprWUfCZR1wfg6VoO/n/xd1Dyxo1mZ2R5VdWpNVpQL/gK34lQaWRcm2jzmhL02tOTk9iGH365Oc/441xZ5TGP4sCvv18OdExPI1leykVQyXhCqkm0FgSm724o/yeT+gTmG8mItoN8NvVuIAY3YJiwjFKAMvwNhR4i1dA+4a4/z5fXxah3KDFfjPc9V2nRJueS659sTh1khXXnWss79wrXaaxkPym6fvSvDPUG35rFPaVx3kdnbDqHr+SD8BIhgr7mWLg9VAHVgXrw97GzZzr4xWVGT9kCSdkHH/QsO6kV+Fcm19+1DrmOcRAyCyS13hNrP/lurIKnGuHqLhaeTurGRrTIg9lZDmvchYacJpDkpbxUZt4zSBojy6Ja+Y26pG0QbQ4T6zKMoTAcnl/xaRTAsLPQXCNUhkEJZQ1OPyMbgIJhk/e/emum77ZyxfxTzUjw8yK/XGI/qEoKd4nxw59w46KGRocGn7xHVWnnxlJR8Tx+OWk9rYToWQDX98PvhtKDatcBgpVFroWCYfcFTKQ== olfa@oar\n",
                "username": "azureuser-admin"
              }
            ],
            "admin_username": "azureuser-admin",
            "allow_extension_operations": true,
            "availability_set_id": "",
            "boot_diagnostics": [],
            "bypass_platform_safety_checks_on_user_schedule_enabled": false,
            "capacity_reservation_group_id": "",
            "computer_name": "vm-1",
            "custom_data": "aW5pdC5zaA==",
            "dedicated_host_group_id": "",
            "dedicated_host_id": "",
            "disable_password_authentication": true,
            "disk_controller_type": "",
            "edge_zone": "",
            "encryption_at_host_enabled": false,
            "eviction_policy": "",
            "extensions_time_budget": "PT1H30M",
            "gallery_application": [],
            "id": "/subscriptions/1b9fd53e-e444-4bf1-aa12-303d55b6c9b2/resourceGroups/lab-lb-rg/providers/Microsoft.Compute/virtualMachines/vm-1",
            "identity": [],
            "license_type": "",
            "location": "westeurope",
            "max_bid_price": -1,
            "name": "vm-1",
            "network_interface_ids": [
              "/subscriptions/1b9fd53e-e444-4bf1-aa12-303d55b6c9b2/resourceGroups/lab-lb-rg/providers/Microsoft.Network/networkInterfaces/nic-1"
            ],
            "os_disk": [
              {
                "caching": "ReadWrite",
                "diff_disk_settings": [],
                "disk_encryption_set_id": "",
                "disk_size_gb": 30,
                "id": "/subscriptions/1b9fd53e-e444-4bf1-aa12-303d55b6c9b2/resourceGroups/lab-lb-rg/providers/Microsoft.Compute/disks/vm-1_OsDisk_1_a6ab295928864c0f871ddf6ddbd1a083",
                "name": "vm-1_OsDisk_1_a6ab295928864c0f871ddf6ddbd1a083",
                "secure_vm_disk_encryption_set_id": "",
                "security_encryption_type": "",
                "storage_account_type": "Standard_LRS",
                "write_accelerator_enabled": false
              }
            ],
            "os_image_notification": [],
            "os_managed_disk_id": "/subscriptions/1b9fd53e-e444-4bf1-aa12-303d55b6c9b2/resourceGroups/lab-lb-rg/providers/Microsoft.Compute/disks/vm-1_OsDisk_1_a6ab295928864c0f871ddf6ddbd1a083",
            "patch_assessment_mode": "ImageDefault",
            "patch_mode": "ImageDefault",
            "plan": [],
            "platform_fault_domain": -1,
            "priority": "Regular",
            "private_ip_address": "10.0.1.4",
            "private_ip_addresses": [
              "10.0.1.4"
            ],
            "provision_vm_agent": true,
            "proximity_placement_group_id": "",
            "public_ip_address": "",
            "public_ip_addresses": [],
            "reboot_setting": "",
            "resource_group_name": "lab-lb-rg",
            "secret": [],
            "secure_boot_enabled": false,
            "size": "Standard_B1s",
            "source_image_id": "",
            "source_image_reference": [
              {
                "offer": "0001-com-ubuntu-server-jammy",
                "publisher": "Canonical",
                "sku": "22_04-lts",
                "version": "latest"
              }
            ],
            "tags": null,
            "termination_notification": null,
            "timeouts": null,
            "user_data": "",
            "virtual_machine_id": "1cbcf9d3-1c76-46b4-b569-a537849ee9e1",
            "virtual_machine_scale_set_id": "",
            "vm_agent_platform_updates_enabled": false,
            "vtpm_enabled": false,
            "zone": ""
          },
          "sensitive_attributes": [
            [
              {
                "type": "get_attr",
                "value": "admin_password"
              }
            ],
            [
              {
                "type": "get_attr",
                "value": "custom_data"
              }
            ]
          ],
          "identity_schema_version": 0,
          "private": "eyJlMmJmYjczMC1lY2FhLTExZTYtOGY4OC0zNDM2M2JjN2M0YzAiOnsiY3JlYXRlIjoyNzAwMDAwMDAwMDAwLCJkZWxldGUiOjI3MDAwMDAwMDAwMDAsInJlYWQiOjMwMDAwMDAwMDAwMCwidXBkYXRlIjoyNzAwMDAwMDAwMDAwfX0=",
          "dependencies": [
            "azurerm_network_interface.nic",
            "azurerm_resource_group.load_balancer_rg",
            "azurerm_subnet.lab_subnet",
            "azurerm_virtual_network.lab_vnet"
          ]
        },
        {
          "index_key": 1,
          "schema_version": 0,
          "attributes": {
            "additional_capabilities": [],
            "admin_password": null,
            "admin_ssh_key": [
              {
                "public_key": "ssh-rsa AAAAB3NzaC1yc2EAAAADAQABAAACAQC/YNDCJNOWub4fAfNW/3Ieh0HO4gOgQIcWwjONOLc2/+24wkjR4d7pIkvaSJUqCfUN3DiVbKe3vb8ym9PdOFqAl22IhVLI40P7TxYydC6A9RIjpntuJU0L8rjg3GVvk2m71ZJ8v6Q4vyFSbLSVxgJSwHdprWUfCZR1wfg6VoO/n/xd1Dyxo1mZ2R5VdWpNVpQL/gK34lQaWRcm2jzmhL02tOTk9iGH365Oc/441xZ5TGP4sCvv18OdExPI1leykVQyXhCqkm0FgSm724o/yeT+gTmG8mItoN8NvVuIAY3YJiwjFKAMvwNhR4i1dA+4a4/z5fXxah3KDFfjPc9V2nRJueS659sTh1khXXnWss79wrXaaxkPym6fvSvDPUG35rFPaVx3kdnbDqHr+SD8BIhgr7mWLg9VAHVgXrw97GzZzr4xWVGT9kCSdkHH/QsO6kV+Fcm19+1DrmOcRAyCyS13hNrP/lurIKnGuHqLhaeTurGRrTIg9lZDmvchYacJpDkpbxUZt4zSBojy6Ja+Y26pG0QbQ4T6zKMoTAcnl/xaRTAsLPQXCNUhkEJZQ1OPyMbgIJhk/e/emum77ZyxfxTzUjw8yK/XGI/qEoKd4nxw59w46KGRocGn7xHVWnnxlJR8Tx+OWk9rYToWQDX98PvhtKDatcBgpVFroWCYfcFTKQ== olfa@oar\n",
                "username": "azureuser-admin"
              }
            ],
            "admin_username": "azureuser-admin",
            "allow_extension_operations": true,
            "availability_set_id": "",
            "boot_diagnostics": [],
            "bypass_platform_safety_checks_on_user_schedule_enabled": false,
            "capacity_reservation_group_id": "",
            "computer_name": "vm-2",
            "custom_data": "aW5pdC5zaA==",
            "dedicated_host_group_id": "",
            "dedicated_host_id": "",
            "disable_password_authentication": true,
            "disk_controller_type": "",
            "edge_zone": "",
            "encryption_at_host_enabled": false,
            "eviction_policy": "",
            "extensions_time_budget": "PT1H30M",
            "gallery_application": [],
            "id": "/subscriptions/1b9fd53e-e444-4bf1-aa12-303d55b6c9b2/resourceGroups/lab-lb-rg/providers/Microsoft.Compute/virtualMachines/vm-2",
            "identity": [],
            "license_type": "",
            "location": "westeurope",
            "max_bid_price": -1,
            "name": "vm-2",
            "network_interface_ids": [
              "/subscriptions/1b9fd53e-e444-4bf1-aa12-303d55b6c9b2/resourceGroups/lab-lb-rg/providers/Microsoft.Network/networkInterfaces/nic-2"
            ],
            "os_disk": [
              {
                "caching": "ReadWrite",
                "diff_disk_settings": [],
                "disk_encryption_set_id": "",
                "disk_size_gb": 30,
                "id": "/subscriptions/1b9fd53e-e444-4bf1-aa12-303d55b6c9b2/resourceGroups/lab-lb-rg/providers/Microsoft.Compute/disks/vm-2_OsDisk_1_eb176494ba654780b5c61f54b0ce449c",
                "name": "vm-2_OsDisk_1_eb176494ba654780b5c61f54b0ce449c",
                "secure_vm_disk_encryption_set_id": "",
                "security_encryption_type": "",
                "storage_account_type": "Standard_LRS",
                "write_accelerator_enabled": false
              }
            ],
            "os_image_notification": [],
            "os_managed_disk_id": "/subscriptions/1b9fd53e-e444-4bf1-aa12-303d55b6c9b2/resourceGroups/lab-lb-rg/providers/Microsoft.Compute/disks/vm-2_OsDisk_1_eb176494ba654780b5c61f54b0ce449c",
            "patch_assessment_mode": "ImageDefault",
            "patch_mode": "ImageDefault",
            "plan": [],
            "platform_fault_domain": -1,
            "priority": "Regular",
            "private_ip_address": "10.0.1.5",
            "private_ip_addresses": [
              "10.0.1.5"
            ],
            "provision_vm_agent": true,
            "proximity_placement_group_id": "",
            "public_ip_address": "",
            "public_ip_addresses": [],
            "reboot_setting": "",
            "resource_group_name": "lab-lb-rg",
            "secret": [],
            "secure_boot_enabled": false,
            "size": "Standard_B1s",
            "source_image_id": "",
            "source_image_reference": [
              {
                "offer": "0001-com-ubuntu-server-jammy",
                "publisher": "Canonical",
                "sku": "22_04-lts",
                "version": "latest"
              }
            ],
            "tags": null,
            "termination_notification": null,
            "timeouts": null,
            "user_data": "",
            "virtual_machine_id": "4ec6daa0-81c4-42c7-9441-238087342952",
            "virtual_machine_scale_set_id": "",
            "vm_agent_platform_updates_enabled": false,
            "vtpm_enabled": false,
            "zone": ""
          },
          "sensitive_attributes": [
            [
              {
                "type": "get_attr",
                "value": "admin_password"
              }
            ],
            [
              {
                "type": "get_attr",
                "value": "custom_data"
              }
            ]
          ],
          "identity_schema_version": 0,
          "private": "eyJlMmJmYjczMC1lY2FhLTExZTYtOGY4OC0zNDM2M2JjN2M0YzAiOnsiY3JlYXRlIjoyNzAwMDAwMDAwMDAwLCJkZWxldGUiOjI3MDAwMDAwMDAwMDAsInJlYWQiOjMwMDAwMDAwMDAwMCwidXBkYXRlIjoyNzAwMDAwMDAwMDAwfX0=",
          "dependencies": [
            "azurerm_network_interface.nic",
            "azurerm_resource_group.load_balancer_rg",
            "azurerm_subnet.lab_subnet",
            "azurerm_virtual_network.lab_vnet"
          ]
        }
      ]
    },
    {
      "mode": "managed",
      "type": "azurerm_network_interface",
      "name": "nic",
      "provider": "provider[\"registry.terraform.io/hashicorp/azurerm\"]",
      "instances": [
        {
          "index_key": 0,
          "schema_version": 0,
          "attributes": {
            "accelerated_networking_enabled": false,
            "applied_dns_servers": [],
            "auxiliary_mode": "",
            "auxiliary_sku": "",
            "dns_servers": [],
            "edge_zone": "",
            "id": "/subscriptions/1b9fd53e-e444-4bf1-aa12-303d55b6c9b2/resourceGroups/lab-lb-rg/providers/Microsoft.Network/networkInterfaces/nic-1",
            "internal_dns_name_label": "",
            "internal_domain_name_suffix": "",
            "ip_configuration": [
              {
                "gateway_load_balancer_frontend_ip_configuration_id": "",
                "name": "ipconfig",
                "primary": true,
                "private_ip_address": "10.0.1.4",
                "private_ip_address_allocation": "Dynamic",
                "private_ip_address_version": "IPv4",
                "public_ip_address_id": "",
                "subnet_id": "/subscriptions/1b9fd53e-e444-4bf1-aa12-303d55b6c9b2/resourceGroups/lab-lb-rg/providers/Microsoft.Network/virtualNetworks/lab-lb-vnet/subnets/lab-lb-subnet"
              }
            ],
            "ip_forwarding_enabled": false,
            "location": "westeurope",
            "mac_address": "00-0D-3A-2E-3F-D2",
            "name": "nic-1",
            "private_ip_address": "10.0.1.4",
            "private_ip_addresses": [
              "10.0.1.4"
            ],
            "resource_group_name": "lab-lb-rg",
            "tags": {},
            "timeouts": null,
            "virtual_machine_id": ""
          },
          "sensitive_attributes": [],
          "identity_schema_version": 0,
          "identity": {
            "name": "nic-1",
            "resource_group_name": "lab-lb-rg",
            "subscription_id": "1b9fd53e-e444-4bf1-aa12-303d55b6c9b2"
          },
          "private": "eyJlMmJmYjczMC1lY2FhLTExZTYtOGY4OC0zNDM2M2JjN2M0YzAiOnsiY3JlYXRlIjoxODAwMDAwMDAwMDAwLCJkZWxldGUiOjE4MDAwMDAwMDAwMDAsInJlYWQiOjMwMDAwMDAwMDAwMCwidXBkYXRlIjoxODAwMDAwMDAwMDAwfX0=",
          "dependencies": [
            "azurerm_resource_group.load_balancer_rg",
            "azurerm_subnet.lab_subnet",
            "azurerm_virtual_network.lab_vnet"
          ]
        },
        {
          "index_key": 1,
          "schema_version": 0,
          "attributes": {
            "accelerated_networking_enabled": false,
            "applied_dns_servers": [],
            "auxiliary_mode": "",
            "auxiliary_sku": "",
            "dns_servers": [],
            "edge_zone": "",
            "id": "/subscriptions/1b9fd53e-e444-4bf1-aa12-303d55b6c9b2/resourceGroups/lab-lb-rg/providers/Microsoft.Network/networkInterfaces/nic-2",
            "internal_dns_name_label": "",
            "internal_domain_name_suffix": "",
            "ip_configuration": [
              {
                "gateway_load_balancer_frontend_ip_configuration_id": "",
                "name": "ipconfig",
                "primary": true,
                "private_ip_address": "10.0.1.5",
                "private_ip_address_allocation": "Dynamic",
                "private_ip_address_version": "IPv4",
                "public_ip_address_id": "",
                "subnet_id": "/subscriptions/1b9fd53e-e444-4bf1-aa12-303d55b6c9b2/resourceGroups/lab-lb-rg/providers/Microsoft.Network/virtualNetworks/lab-lb-vnet/subnets/lab-lb-subnet"
              }
            ],
            "ip_forwarding_enabled": false,
            "location": "westeurope",
            "mac_address": "60-45-BD-93-12-EA",
            "name": "nic-2",
            "private_ip_address": "10.0.1.5",
            "private_ip_addresses": [
              "10.0.1.5"
            ],
            "resource_group_name": "lab-lb-rg",
            "tags": {},
            "timeouts": null,
            "virtual_machine_id": ""
          },
          "sensitive_attributes": [],
          "identity_schema_version": 0,
          "identity": {
            "name": "nic-2",
            "resource_group_name": "lab-lb-rg",
            "subscription_id": "1b9fd53e-e444-4bf1-aa12-303d55b6c9b2"
          },
          "private": "eyJlMmJmYjczMC1lY2FhLTExZTYtOGY4OC0zNDM2M2JjN2M0YzAiOnsiY3JlYXRlIjoxODAwMDAwMDAwMDAwLCJkZWxldGUiOjE4MDAwMDAwMDAwMDAsInJlYWQiOjMwMDAwMDAwMDAwMCwidXBkYXRlIjoxODAwMDAwMDAwMDAwfX0=",
          "dependencies": [
            "azurerm_resource_group.load_balancer_rg",
            "azurerm_subnet.lab_subnet",
            "azurerm_virtual_network.lab_vnet"
          ]
        }
      ]
    },
    {
      "mode": "managed",
      "type": "azurerm_network_interface_backend_address_pool_association",
      "name": "nic_to_bepool",
      "provider": "provider[\"registry.terraform.io/hashicorp/azurerm\"]",
      "instances": [
        {
          "index_key": 0,
          "schema_version": 0,
          "attributes": {
            "backend_address_pool_id": "/subscriptions/1b9fd53e-e444-4bf1-aa12-303d55b6c9b2/resourceGroups/lab-lb-rg/providers/Microsoft.Network/loadBalancers/lab-lb/backendAddressPools/be-pool",
            "id": "/subscriptions/1b9fd53e-e444-4bf1-aa12-303d55b6c9b2/resourceGroups/lab-lb-rg/providers/Microsoft.Network/networkInterfaces/nic-1/ipConfigurations/ipconfig|/subscriptions/1b9fd53e-e444-4bf1-aa12-303d55b6c9b2/resourceGroups/lab-lb-rg/providers/Microsoft.Network/loadBalancers/lab-lb/backendAddressPools/be-pool",
            "ip_configuration_name": "ipconfig",
            "network_interface_id": "/subscriptions/1b9fd53e-e444-4bf1-aa12-303d55b6c9b2/resourceGroups/lab-lb-rg/providers/Microsoft.Network/networkInterfaces/nic-1",
            "timeouts": null
          },
          "sensitive_attributes": [],
          "identity_schema_version": 0,
          "private": "eyJlMmJmYjczMC1lY2FhLTExZTYtOGY4OC0zNDM2M2JjN2M0YzAiOnsiY3JlYXRlIjoxODAwMDAwMDAwMDAwLCJkZWxldGUiOjE4MDAwMDAwMDAwMDAsInJlYWQiOjMwMDAwMDAwMDAwMH19",
          "dependencies": [
            "azurerm_lb.lab_load_balancer",
            "azurerm_lb_backend_address_pool.bepool",
            "azurerm_network_interface.nic",
            "azurerm_public_ip.lab_lb_public_ip",
            "azurerm_resource_group.load_balancer_rg",
            "azurerm_subnet.lab_subnet",
            "azurerm_virtual_network.lab_vnet"
          ]
        },
        {
          "index_key": 1,
          "schema_version": 0,
          "attributes": {
            "backend_address_pool_id": "/subscriptions/1b9fd53e-e444-4bf1-aa12-303d55b6c9b2/resourceGroups/lab-lb-rg/providers/Microsoft.Network/loadBalancers/lab-lb/backendAddressPools/be-pool",
            "id": "/subscriptions/1b9fd53e-e444-4bf1-aa12-303d55b6c9b2/resourceGroups/lab-lb-rg/providers/Microsoft.Network/networkInterfaces/nic-2/ipConfigurations/ipconfig|/subscriptions/1b9fd53e-e444-4bf1-aa12-303d55b6c9b2/resourceGroups/lab-lb-rg/providers/Microsoft.Network/loadBalancers/lab-lb/backendAddressPools/be-pool",
            "ip_configuration_name": "ipconfig",
            "network_interface_id": "/subscriptions/1b9fd53e-e444-4bf1-aa12-303d55b6c9b2/resourceGroups/lab-lb-rg/providers/Microsoft.Network/networkInterfaces/nic-2",
            "timeouts": null
          },
          "sensitive_attributes": [],
          "identity_schema_version": 0,
          "private": "eyJlMmJmYjczMC1lY2FhLTExZTYtOGY4OC0zNDM2M2JjN2M0YzAiOnsiY3JlYXRlIjoxODAwMDAwMDAwMDAwLCJkZWxldGUiOjE4MDAwMDAwMDAwMDAsInJlYWQiOjMwMDAwMDAwMDAwMH19",
          "dependencies": [
            "azurerm_lb.lab_load_balancer",
            "azurerm_lb_backend_address_pool.bepool",
            "azurerm_network_interface.nic",
            "azurerm_public_ip.lab_lb_public_ip",
            "azurerm_resource_group.load_balancer_rg",
            "azurerm_subnet.lab_subnet",
            "azurerm_virtual_network.lab_vnet"
          ]
        }
      ]
    },
    {
      "mode": "managed",
      "type": "azurerm_network_security_group",
      "name": "lab_nsg",
      "provider": "provider[\"registry.terraform.io/hashicorp/azurerm\"]",
      "instances": [
        {
          "schema_version": 0,
          "attributes": {
            "id": "/subscriptions/1b9fd53e-e444-4bf1-aa12-303d55b6c9b2/resourceGroups/lab-lb-rg/providers/Microsoft.Network/networkSecurityGroups/lab-lb-nsg",
            "location": "westeurope",
            "name": "lab-lb-nsg",
            "resource_group_name": "lab-lb-rg",
            "security_rule": [
              {
                "access": "Allow",
                "description": "",
                "destination_address_prefix": "*",
                "destination_address_prefixes": [],
                "destination_application_security_group_ids": [],
                "destination_port_range": "80",
                "destination_port_ranges": [],
                "direction": "Inbound",
                "name": "Allow-HTTP",
                "priority": 100,
                "protocol": "Tcp",
                "source_address_prefix": "*",
                "source_address_prefixes": [],
                "source_application_security_group_ids": [],
                "source_port_range": "*",
                "source_port_ranges": []
              }
            ],
            "tags": {
              "Environment": "Development"
            },
            "timeouts": null
          },
          "sensitive_attributes": [],
          "identity_schema_version": 0,
          "identity": {
            "name": "lab-lb-nsg",
            "resource_group_name": "lab-lb-rg",
            "subscription_id": "1b9fd53e-e444-4bf1-aa12-303d55b6c9b2"
          },
          "private": "eyJlMmJmYjczMC1lY2FhLTExZTYtOGY4OC0zNDM2M2JjN2M0YzAiOnsiY3JlYXRlIjoxODAwMDAwMDAwMDAwLCJkZWxldGUiOjE4MDAwMDAwMDAwMDAsInJlYWQiOjMwMDAwMDAwMDAwMCwidXBkYXRlIjoxODAwMDAwMDAwMDAwfX0=",
          "dependencies": [
            "azurerm_resource_group.load_balancer_rg"
          ]
        }
      ]
    },
    {
      "mode": "managed",
      "type": "azurerm_public_ip",
      "name": "lab_lb_public_ip",
      "provider": "provider[\"registry.terraform.io/hashicorp/azurerm\"]",
      "instances": [
        {
          "schema_version": 0,
          "attributes": {
            "allocation_method": "Static",
            "ddos_protection_mode": "VirtualNetworkInherited",
            "ddos_protection_plan_id": null,
            "domain_name_label": null,
            "domain_name_label_scope": null,
            "edge_zone": "",
            "fqdn": null,
            "id": "/subscriptions/1b9fd53e-e444-4bf1-aa12-303d55b6c9b2/resourceGroups/lab-lb-rg/providers/Microsoft.Network/publicIPAddresses/lab-lb-public-ip",
            "idle_timeout_in_minutes": 4,
            "ip_address": "52.174.19.136",
            "ip_tags": {},
            "ip_version": "IPv4",
            "location": "westeurope",
            "name": "lab-lb-public-ip",
            "public_ip_prefix_id": null,
            "resource_group_name": "lab-lb-rg",
            "reverse_fqdn": null,
            "sku": "Standard",
            "sku_tier": "Regional",
            "tags": {},
            "timeouts": null,
            "zones": []
          },
          "sensitive_attributes": [],
          "identity_schema_version": 0,
          "private": "eyJlMmJmYjczMC1lY2FhLTExZTYtOGY4OC0zNDM2M2JjN2M0YzAiOnsiY3JlYXRlIjoxODAwMDAwMDAwMDAwLCJkZWxldGUiOjE4MDAwMDAwMDAwMDAsInJlYWQiOjMwMDAwMDAwMDAwMCwidXBkYXRlIjoxODAwMDAwMDAwMDAwfX0=",
          "dependencies": [
            "azurerm_resource_group.load_balancer_rg"
          ]
        }
      ]
    },
    {
      "mode": "managed",
      "type": "azurerm_resource_group",
      "name": "load_balancer_rg",
      "provider": "provider[\"registry.terraform.io/hashicorp/azurerm\"]",
      "instances": [
        {
          "schema_version": 0,
          "attributes": {
            "id": "/subscriptions/1b9fd53e-e444-4bf1-aa12-303d55b6c9b2/resourceGroups/lab-lb-rg",
            "location": "westeurope",
            "managed_by": "",
            "name": "lab-lb-rg",
            "tags": {},
            "timeouts": null
          },
          "sensitive_attributes": [],
          "identity_schema_version": 0,
          "identity": {
            "name": "lab-lb-rg",
            "subscription_id": "1b9fd53e-e444-4bf1-aa12-303d55b6c9b2"
          },
          "private": "eyJlMmJmYjczMC1lY2FhLTExZTYtOGY4OC0zNDM2M2JjN2M0YzAiOnsiY3JlYXRlIjo1NDAwMDAwMDAwMDAwLCJkZWxldGUiOjU0MDAwMDAwMDAwMDAsInJlYWQiOjMwMDAwMDAwMDAwMCwidXBkYXRlIjo1NDAwMDAwMDAwMDAwfX0="
        }
      ]
    },
    {
      "mode": "managed",
      "type": "azurerm_subnet",
      "name": "lab_subnet",
      "provider": "provider[\"registry.terraform.io/hashicorp/azurerm\"]",
      "instances": [
        {
          "schema_version": 0,
          "attributes": {
            "address_prefixes": [
              "10.0.1.0/24"
            ],
            "default_outbound_access_enabled": true,
            "delegation": [],
            "id": "/subscriptions/1b9fd53e-e444-4bf1-aa12-303d55b6c9b2/resourceGroups/lab-lb-rg/providers/Microsoft.Network/virtualNetworks/lab-lb-vnet/subnets/lab-lb-subnet",
            "ip_address_pool": [],
            "name": "lab-lb-subnet",
            "private_endpoint_network_policies": "Disabled",
            "private_link_service_network_policies_enabled": true,
            "resource_group_name": "lab-lb-rg",
            "service_endpoint_policy_ids": [],
            "service_endpoints": [],
            "sharing_scope": "",
            "timeouts": null,
            "virtual_network_name": "lab-lb-vnet"
          },
          "sensitive_attributes": [],
          "identity_schema_version": 0,
          "identity": {
            "name": "lab-lb-subnet",
            "resource_group_name": "lab-lb-rg",
            "subscription_id": "1b9fd53e-e444-4bf1-aa12-303d55b6c9b2",
            "virtual_network_name": "lab-lb-vnet"
          },
          "private": "eyJlMmJmYjczMC1lY2FhLTExZTYtOGY4OC0zNDM2M2JjN2M0YzAiOnsiY3JlYXRlIjoxODAwMDAwMDAwMDAwLCJkZWxldGUiOjE4MDAwMDAwMDAwMDAsInJlYWQiOjMwMDAwMDAwMDAwMCwidXBkYXRlIjoxODAwMDAwMDAwMDAwfX0=",
          "dependencies": [
            "azurerm_resource_group.load_balancer_rg",
            "azurerm_virtual_network.lab_vnet"
          ]
        }
      ]
    },
    {
      "mode": "managed",
      "type": "azurerm_subnet_network_security_group_association",
      "name": "lab_subnet_nsg_association",
      "provider": "provider[\"registry.terraform.io/hashicorp/azurerm\"]",
      "instances": [
        {
          "schema_version": 0,
          "attributes": {
            "id": "/subscriptions/1b9fd53e-e444-4bf1-aa12-303d55b6c9b2/resourceGroups/lab-lb-rg/providers/Microsoft.Network/virtualNetworks/lab-lb-vnet/subnets/lab-lb-subnet",
            "network_security_group_id": "/subscriptions/1b9fd53e-e444-4bf1-aa12-303d55b6c9b2/resourceGroups/lab-lb-rg/providers/Microsoft.Network/networkSecurityGroups/lab-lb-nsg",
            "subnet_id": "/subscriptions/1b9fd53e-e444-4bf1-aa12-303d55b6c9b2/resourceGroups/lab-lb-rg/providers/Microsoft.Network/virtualNetworks/lab-lb-vnet/subnets/lab-lb-subnet",
            "timeouts": null
          },
          "sensitive_attributes": [],
          "identity_schema_version": 0,
          "private": "eyJlMmJmYjczMC1lY2FhLTExZTYtOGY4OC0zNDM2M2JjN2M0YzAiOnsiY3JlYXRlIjoxODAwMDAwMDAwMDAwLCJkZWxldGUiOjE4MDAwMDAwMDAwMDAsInJlYWQiOjMwMDAwMDAwMDAwMH19",
          "dependencies": [
            "azurerm_network_security_group.lab_nsg",
            "azurerm_resource_group.load_balancer_rg",
            "azurerm_subnet.lab_subnet",
            "azurerm_virtual_network.lab_vnet"
          ]
        }
      ]
    },
    {
      "mode": "managed",
      "type": "azurerm_virtual_network",
      "name": "lab_vnet",
      "provider": "provider[\"registry.terraform.io/hashicorp/azurerm\"]",
      "instances": [
        {
          "schema_version": 0,
          "attributes": {
            "address_space": [
              "10.0.0.0/16"
            ],
            "bgp_community": "",
            "ddos_protection_plan": [],
            "dns_servers": [
              "10.0.0.4",
              "10.0.0.5"
            ],
            "edge_zone": "",
            "encryption": [],
            "flow_timeout_in_minutes": 0,
            "guid": "a65ee11c-ed7f-4d4d-a986-115c071476f5",
            "id": "/subscriptions/1b9fd53e-e444-4bf1-aa12-303d55b6c9b2/resourceGroups/lab-lb-rg/providers/Microsoft.Network/virtualNetworks/lab-lb-vnet",
            "ip_address_pool": [],
            "location": "westeurope",
            "name": "lab-lb-vnet",
            "private_endpoint_vnet_policies": "Disabled",
            "resource_group_name": "lab-lb-rg",
            "subnet": [
              {
                "address_prefixes": [
                  "10.0.1.0/24"
                ],
                "default_outbound_access_enabled": true,
                "delegation": [],
                "id": "/subscriptions/1b9fd53e-e444-4bf1-aa12-303d55b6c9b2/resourceGroups/lab-lb-rg/providers/Microsoft.Network/virtualNetworks/lab-lb-vnet/subnets/lab-lb-subnet",
                "name": "lab-lb-subnet",
                "private_endpoint_network_policies": "Disabled",
                "private_link_service_network_policies_enabled": true,
                "route_table_id": "",
                "security_group": "/subscriptions/1b9fd53e-e444-4bf1-aa12-303d55b6c9b2/resourceGroups/lab-lb-rg/providers/Microsoft.Network/networkSecurityGroups/lab-lb-nsg",
                "service_endpoint_policy_ids": [],
                "service_endpoints": []
              }
            ],
            "tags": {},
            "timeouts": null
          },
          "sensitive_attributes": [],
          "identity_schema_version": 0,
          "identity": {
            "name": "lab-lb-vnet",
            "resource_group_name": "lab-lb-rg",
            "subscription_id": "1b9fd53e-e444-4bf1-aa12-303d55b6c9b2"
          },
          "private": "eyJlMmJmYjczMC1lY2FhLTExZTYtOGY4OC0zNDM2M2JjN2M0YzAiOnsiY3JlYXRlIjoxODAwMDAwMDAwMDAwLCJkZWxldGUiOjE4MDAwMDAwMDAwMDAsInJlYWQiOjMwMDAwMDAwMDAwMCwidXBkYXRlIjoxODAwMDAwMDAwMDAwfX0=",
          "dependencies": [
            "azurerm_resource_group.load_balancer_rg"
          ]
        }
      ]
    }
  ],
  "check_results": null
}
